%{
  "amqp": {:hex, :amqp, "2.0.0", "0ef8a13987f2063a48b4f6aeb2c7503d8e1031b3ccf2ee0d3b9771249c562fab", [:mix], [{:amqp_client, "~> 3.8.0", [hex: :amqp_client, repo: "hexpm", optional: false]}], "hexpm", "7033e663ddb919b19482d9bd3d69d9042696f87f998a39cc5b4a2c79eccb39f7"},
  "amqp_client": {:hex, :amqp_client, "3.8.11", "faeb8e872f801b3e8ef5def1efd71ff755123a2417d1dcfd0ab0ff220a80279a", [:make, :rebar3], [{:rabbit_common, "3.8.11", [hex: :rabbit_common, repo: "hexpm", optional: false]}], "hexpm", "294c8a85e45da643d1e0abad2bfa86b175ec5b20bb55b6cb641f7e8f1c7dc32e"},
  "credentials_obfuscation": {:hex, :credentials_obfuscation, "2.3.0", "8631d941b25bc0a6681f635d3d26dd5365f935fcc2d328d64c77ea611b5dd932", [:rebar3], [], "hexpm", "9f8f05d0ad8a9d7417c30d6fb4b407f1de3d0b795ce68445da07d77837056d03"},
  "goldrush": {:hex, :goldrush, "0.1.9", "f06e5d5f1277da5c413e84d5a2924174182fb108dabb39d5ec548b27424cd106", [:rebar3], [], "hexpm", "99cb4128cffcb3227581e5d4d803d5413fa643f4eb96523f77d9e6937d994ceb"},
  "jsx": {:hex, :jsx, "2.11.0", "08154624050333919b4ac1b789667d5f4db166dc50e190c4d778d1587f102ee0", [:rebar3], [], "hexpm", "eed26a0d04d217f9eecefffb89714452556cf90eb38f290a27a4d45b9988f8c0"},
  "lager": {:hex, :lager, "3.8.0", "3402b9a7e473680ca179fc2f1d827cab88dd37dd1e6113090c6f45ef05228a1c", [:rebar3], [{:goldrush, "0.1.9", [hex: :goldrush, repo: "hexpm", optional: false]}], "hexpm", "f6cb541b688eab60730d8d286eb77256a5a9ad06eac10d43beaf55d07e68bbb6"},
  "rabbit_common": {:hex, :rabbit_common, "3.8.11", "26d7fffe4935c8225262ffc70a3ffb5ef7daae6e32f7e0e01d39c1b67888cb58", [:make, :rebar3], [{:credentials_obfuscation, "2.3.0", [hex: :credentials_obfuscation, repo: "hexpm", optional: false]}, {:jsx, "2.11.0", [hex: :jsx, repo: "hexpm", optional: false]}, {:lager, "3.8.0", [hex: :lager, repo: "hexpm", optional: false]}, {:recon, "2.5.1", [hex: :recon, repo: "hexpm", optional: false]}], "hexpm", "5d64288496e719e5ca1b5f7a753c592f37b3476d8398f25d894d148cfe3a5e2c"},
  "recon": {:hex, :recon, "2.5.1", "430ffa60685ac1efdfb1fe4c97b8767c92d0d92e6e7c3e8621559ba77598678a", [:mix, :rebar3], [], "hexpm", "5721c6b6d50122d8f68cccac712caa1231f97894bab779eff5ff0f886cb44648"},
}
